// !$*UTF8*$!
{
	archiveVersion = 1;
	classes = {
	};
	objectVersion = 46;
	objects = {

/* Begin PBXBuildFile section */
		9A201C441BE3CD110067B3D7 /* false.png in Resources */ = {isa = PBXBuildFile; fileRef = 9A201C421BE3CD110067B3D7 /* false.png */; };
		9A201C451BE3CD110067B3D7 /* true.png in Resources */ = {isa = PBXBuildFile; fileRef = 9A201C431BE3CD110067B3D7 /* true.png */; };
		9A24D8ED1C8EB85700230B11 /* Icon-83.5@2x.png in Resources */ = {isa = PBXBuildFile; fileRef = 9A24D8EC1C8EB85700230B11 /* Icon-83.5@2x.png */; };
		9A71C34C1C06D5DE00604826 /* Assets.xcassets in Resources */ = {isa = PBXBuildFile; fileRef = 9AA1F5B81BDD1D590031FE17 /* Assets.xcassets */; };
		9A8D36A01BEB7A670052B4E9 /* GoogleMobileAds.framework in Frameworks */ = {isa = PBXBuildFile; fileRef = 9A8D369F1BEB7A670052B4E9 /* GoogleMobileAds.framework */; };
		9A9BD3E61C17092700B63C12 /* Icon-40.png in Resources */ = {isa = PBXBuildFile; fileRef = 9A9BD3D31C17092700B63C12 /* Icon-40.png */; };
		9A9BD3E71C17092700B63C12 /* Icon-40@2x.png in Resources */ = {isa = PBXBuildFile; fileRef = 9A9BD3D41C17092700B63C12 /* Icon-40@2x.png */; };
		9A9BD3E81C17092700B63C12 /* Icon-40@3x.png in Resources */ = {isa = PBXBuildFile; fileRef = 9A9BD3D51C17092700B63C12 /* Icon-40@3x.png */; };
		9A9BD3E91C17092700B63C12 /* Icon-60@2x.png in Resources */ = {isa = PBXBuildFile; fileRef = 9A9BD3D61C17092700B63C12 /* Icon-60@2x.png */; };
		9A9BD3EA1C17092700B63C12 /* Icon-60@3x.png in Resources */ = {isa = PBXBuildFile; fileRef = 9A9BD3D71C17092700B63C12 /* Icon-60@3x.png */; };
		9A9BD3EB1C17092700B63C12 /* Icon-76.png in Resources */ = {isa = PBXBuildFile; fileRef = 9A9BD3D81C17092700B63C12 /* Icon-76.png */; };
		9A9BD3EC1C17092700B63C12 /* Icon-76@2x.png in Resources */ = {isa = PBXBuildFile; fileRef = 9A9BD3D91C17092700B63C12 /* Icon-76@2x.png */; };
		9A9BD3ED1C17092700B63C12 /* Icon-Small.png in Resources */ = {isa = PBXBuildFile; fileRef = 9A9BD3DA1C17092700B63C12 /* Icon-Small.png */; };
		9A9BD3EE1C17092700B63C12 /* Icon-Small@2x.png in Resources */ = {isa = PBXBuildFile; fileRef = 9A9BD3DB1C17092700B63C12 /* Icon-Small@2x.png */; };
		9A9BD3EF1C17092700B63C12 /* Icon-Small@3x.png in Resources */ = {isa = PBXBuildFile; fileRef = 9A9BD3DC1C17092700B63C12 /* Icon-Small@3x.png */; };
		9A9BD3F01C17092700B63C12 /* Icon-60.png in Resources */ = {isa = PBXBuildFile; fileRef = 9A9BD3DD1C17092700B63C12 /* Icon-60.png */; };
		9A9BD3F11C17092700B63C12 /* Icon-72.png in Resources */ = {isa = PBXBuildFile; fileRef = 9A9BD3DE1C17092700B63C12 /* Icon-72.png */; };
		9A9BD3F21C17092700B63C12 /* Icon-72@2x.png in Resources */ = {isa = PBXBuildFile; fileRef = 9A9BD3DF1C17092700B63C12 /* Icon-72@2x.png */; };
		9A9BD3F31C17092700B63C12 /* Icon-Small-50.png in Resources */ = {isa = PBXBuildFile; fileRef = 9A9BD3E01C17092700B63C12 /* Icon-Small-50.png */; };
		9A9BD3F41C17092700B63C12 /* Icon-Small-50@2x.png in Resources */ = {isa = PBXBuildFile; fileRef = 9A9BD3E11C17092700B63C12 /* Icon-Small-50@2x.png */; };
		9A9BD3F51C17092700B63C12 /* Icon.png in Resources */ = {isa = PBXBuildFile; fileRef = 9A9BD3E21C17092700B63C12 /* Icon.png */; };
		9A9BD3F61C17092700B63C12 /* Icon@2x.png in Resources */ = {isa = PBXBuildFile; fileRef = 9A9BD3E31C17092700B63C12 /* Icon@2x.png */; };
		9A9BD3F71C17092700B63C12 /* iTunesArtwork.png in Resources */ = {isa = PBXBuildFile; fileRef = 9A9BD3E41C17092700B63C12 /* iTunesArtwork.png */; };
		9A9BD3F81C17092700B63C12 /* iTunesArtwork@2x.png in Resources */ = {isa = PBXBuildFile; fileRef = 9A9BD3E51C17092700B63C12 /* iTunesArtwork@2x.png */; };
		9AA1F5B21BDD1D590031FE17 /* AppDelegate.swift in Sources */ = {isa = PBXBuildFile; fileRef = 9AA1F5B11BDD1D590031FE17 /* AppDelegate.swift */; };
		9AA1F5B41BDD1D590031FE17 /* QuizViewController.swift in Sources */ = {isa = PBXBuildFile; fileRef = 9AA1F5B31BDD1D590031FE17 /* QuizViewController.swift */; };
		9AA1F5B71BDD1D590031FE17 /* Main.storyboard in Resources */ = {isa = PBXBuildFile; fileRef = 9AA1F5B51BDD1D590031FE17 /* Main.storyboard */; };
		9AA1F5BC1BDD1D590031FE17 /* LaunchScreen.storyboard in Resources */ = {isa = PBXBuildFile; fileRef = 9AA1F5BA1BDD1D590031FE17 /* LaunchScreen.storyboard */; };
		9AA1F5C71BDD1D590031FE17 /* hangukTests.swift in Sources */ = {isa = PBXBuildFile; fileRef = 9AA1F5C61BDD1D590031FE17 /* hangukTests.swift */; };
		9AA1F5D21BDD1D5A0031FE17 /* hangukUITests.swift in Sources */ = {isa = PBXBuildFile; fileRef = 9AA1F5D11BDD1D5A0031FE17 /* hangukUITests.swift */; };
		9AB0F6411BE1B95800EF663F /* buttons.png in Resources */ = {isa = PBXBuildFile; fileRef = 9AB0F6401BE1B95800EF663F /* buttons.png */; };
		9AB0F6431BE1D57400EF663F /* back1.png in Resources */ = {isa = PBXBuildFile; fileRef = 9AB0F6421BE1D57400EF663F /* back1.png */; };
		9AB0F64B1BE1E2C300EF663F /* back3.png in Resources */ = {isa = PBXBuildFile; fileRef = 9AB0F64A1BE1E2C300EF663F /* back3.png */; };
		9AB0F64D1BE1E30900EF663F /* sensu.png in Resources */ = {isa = PBXBuildFile; fileRef = 9AB0F64C1BE1E30900EF663F /* sensu.png */; };
		9ADF1F831BF63700007985BC /* maru.png in Resources */ = {isa = PBXBuildFile; fileRef = 9ADF1F821BF63700007985BC /* maru.png */; };
		9ADF1F851BF6370D007985BC /* batsu.png in Resources */ = {isa = PBXBuildFile; fileRef = 9ADF1F841BF6370D007985BC /* batsu.png */; };
		9AF295F81BEB0DFA0040C62A /* AdSupport.framework in Frameworks */ = {isa = PBXBuildFile; fileRef = 9AF295F71BEB0DFA0040C62A /* AdSupport.framework */; };
		9AF295FA1BEB0E030040C62A /* AudioToolbox.framework in Frameworks */ = {isa = PBXBuildFile; fileRef = 9AF295F91BEB0E030040C62A /* AudioToolbox.framework */; };
		9AF295FC1BEB0E100040C62A /* AVFoundation.framework in Frameworks */ = {isa = PBXBuildFile; fileRef = 9AF295FB1BEB0E100040C62A /* AVFoundation.framework */; };
		9AF295FE1BEB0E1E0040C62A /* CoreGraphics.framework in Frameworks */ = {isa = PBXBuildFile; fileRef = 9AF295FD1BEB0E1E0040C62A /* CoreGraphics.framework */; };
		9AF296001BEB11270040C62A /* CoreMedia.framework in Frameworks */ = {isa = PBXBuildFile; fileRef = 9AF295FF1BEB11270040C62A /* CoreMedia.framework */; };
		9AF296021BEB113A0040C62A /* CoreTelephony.framework in Frameworks */ = {isa = PBXBuildFile; fileRef = 9AF296011BEB113A0040C62A /* CoreTelephony.framework */; };
		9AF296041BEB114E0040C62A /* EventKit.framework in Frameworks */ = {isa = PBXBuildFile; fileRef = 9AF296031BEB114E0040C62A /* EventKit.framework */; };
		9AF296061BEB11560040C62A /* EventKitUI.framework in Frameworks */ = {isa = PBXBuildFile; fileRef = 9AF296051BEB11560040C62A /* EventKitUI.framework */; };
		9AF296081BEB11690040C62A /* StoreKit.framework in Frameworks */ = {isa = PBXBuildFile; fileRef = 9AF296071BEB11690040C62A /* StoreKit.framework */; };
		9AF2960A1BEB11790040C62A /* SystemConfiguration.framework in Frameworks */ = {isa = PBXBuildFile; fileRef = 9AF296091BEB11790040C62A /* SystemConfiguration.framework */; };
		9AFD7C901BE08D19003B575A /* ResultViewController.swift in Sources */ = {isa = PBXBuildFile; fileRef = 9AFD7C8F1BE08D19003B575A /* ResultViewController.swift */; };
/* End PBXBuildFile section */

/* Begin PBXContainerItemProxy section */
		9A71C32E1C04456B00604826 /* PBXContainerItemProxy */ = {
			isa = PBXContainerItemProxy;
			containerPortal = 9AA1F5A61BDD1D590031FE17 /* Project object */;
			proxyType = 1;
			remoteGlobalIDString = 9A71C3191C04456B00604826;
			remoteInfo = hanguk.ipad;
		};
		9A71C3391C04456B00604826 /* PBXContainerItemProxy */ = {
			isa = PBXContainerItemProxy;
			containerPortal = 9AA1F5A61BDD1D590031FE17 /* Project object */;
			proxyType = 1;
			remoteGlobalIDString = 9A71C3191C04456B00604826;
			remoteInfo = hanguk.ipad;
		};
		9A71C34A1C044BCB00604826 /* PBXContainerItemProxy */ = {
			isa = PBXContainerItemProxy;
			containerPortal = 9AA1F5A61BDD1D590031FE17 /* Project object */;
			proxyType = 1;
			remoteGlobalIDString = 9AA1F5AD1BDD1D590031FE17;
			remoteInfo = hanguk;
		};
		9AA1F5C31BDD1D590031FE17 /* PBXContainerItemProxy */ = {
			isa = PBXContainerItemProxy;
			containerPortal = 9AA1F5A61BDD1D590031FE17 /* Project object */;
			proxyType = 1;
			remoteGlobalIDString = 9AA1F5AD1BDD1D590031FE17;
			remoteInfo = hanguk;
		};
		9AA1F5CE1BDD1D5A0031FE17 /* PBXContainerItemProxy */ = {
			isa = PBXContainerItemProxy;
			containerPortal = 9AA1F5A61BDD1D590031FE17 /* Project object */;
			proxyType = 1;
			remoteGlobalIDString = 9AA1F5AD1BDD1D590031FE17;
			remoteInfo = hanguk;
		};
/* End PBXContainerItemProxy section */

/* Begin PBXFileReference section */
		9A201C421BE3CD110067B3D7 /* false.png */ = {isa = PBXFileReference; lastKnownFileType = image.png; path = false.png; sourceTree = "<group>"; };
		9A201C431BE3CD110067B3D7 /* true.png */ = {isa = PBXFileReference; lastKnownFileType = image.png; path = true.png; sourceTree = "<group>"; };
		9A24D8EC1C8EB85700230B11 /* Icon-83.5@2x.png */ = {isa = PBXFileReference; lastKnownFileType = image.png; path = "Icon-83.5@2x.png"; sourceTree = "<group>"; };
		9A71C31A1C04456B00604826 /* hanguk.ipad.app */ = {isa = PBXFileReference; explicitFileType = wrapper.application; includeInIndex = 0; path = hanguk.ipad.app; sourceTree = BUILT_PRODUCTS_DIR; };
		9A71C32D1C04456B00604826 /* hanguk.ipadTests.xctest */ = {isa = PBXFileReference; explicitFileType = wrapper.cfbundle; includeInIndex = 0; path = hanguk.ipadTests.xctest; sourceTree = BUILT_PRODUCTS_DIR; };
		9A71C3381C04456B00604826 /* hanguk.ipadUITests.xctest */ = {isa = PBXFileReference; explicitFileType = wrapper.cfbundle; includeInIndex = 0; path = hanguk.ipadUITests.xctest; sourceTree = BUILT_PRODUCTS_DIR; };
		9A8D369F1BEB7A670052B4E9 /* GoogleMobileAds.framework */ = {isa = PBXFileReference; lastKnownFileType = wrapper.framework; path = GoogleMobileAds.framework; sourceTree = "<group>"; };
		9A9BD3D31C17092700B63C12 /* Icon-40.png */ = {isa = PBXFileReference; lastKnownFileType = image.png; path = "Icon-40.png"; sourceTree = "<group>"; };
		9A9BD3D41C17092700B63C12 /* Icon-40@2x.png */ = {isa = PBXFileReference; lastKnownFileType = image.png; path = "Icon-40@2x.png"; sourceTree = "<group>"; };
		9A9BD3D51C17092700B63C12 /* Icon-40@3x.png */ = {isa = PBXFileReference; lastKnownFileType = image.png; path = "Icon-40@3x.png"; sourceTree = "<group>"; };
		9A9BD3D61C17092700B63C12 /* Icon-60@2x.png */ = {isa = PBXFileReference; lastKnownFileType = image.png; path = "Icon-60@2x.png"; sourceTree = "<group>"; };
		9A9BD3D71C17092700B63C12 /* Icon-60@3x.png */ = {isa = PBXFileReference; lastKnownFileType = image.png; path = "Icon-60@3x.png"; sourceTree = "<group>"; };
		9A9BD3D81C17092700B63C12 /* Icon-76.png */ = {isa = PBXFileReference; lastKnownFileType = image.png; path = "Icon-76.png"; sourceTree = "<group>"; };
		9A9BD3D91C17092700B63C12 /* Icon-76@2x.png */ = {isa = PBXFileReference; lastKnownFileType = image.png; path = "Icon-76@2x.png"; sourceTree = "<group>"; };
		9A9BD3DA1C17092700B63C12 /* Icon-Small.png */ = {isa = PBXFileReference; lastKnownFileType = image.png; path = "Icon-Small.png"; sourceTree = "<group>"; };
		9A9BD3DB1C17092700B63C12 /* Icon-Small@2x.png */ = {isa = PBXFileReference; lastKnownFileType = image.png; path = "Icon-Small@2x.png"; sourceTree = "<group>"; };
		9A9BD3DC1C17092700B63C12 /* Icon-Small@3x.png */ = {isa = PBXFileReference; lastKnownFileType = image.png; path = "Icon-Small@3x.png"; sourceTree = "<group>"; };
		9A9BD3DD1C17092700B63C12 /* Icon-60.png */ = {isa = PBXFileReference; lastKnownFileType = image.png; path = "Icon-60.png"; sourceTree = "<group>"; };
		9A9BD3DE1C17092700B63C12 /* Icon-72.png */ = {isa = PBXFileReference; lastKnownFileType = image.png; path = "Icon-72.png"; sourceTree = "<group>"; };
		9A9BD3DF1C17092700B63C12 /* Icon-72@2x.png */ = {isa = PBXFileReference; lastKnownFileType = image.png; path = "Icon-72@2x.png"; sourceTree = "<group>"; };
		9A9BD3E01C17092700B63C12 /* Icon-Small-50.png */ = {isa = PBXFileReference; lastKnownFileType = image.png; path = "Icon-Small-50.png"; sourceTree = "<group>"; };
		9A9BD3E11C17092700B63C12 /* Icon-Small-50@2x.png */ = {isa = PBXFileReference; lastKnownFileType = image.png; path = "Icon-Small-50@2x.png"; sourceTree = "<group>"; };
		9A9BD3E21C17092700B63C12 /* Icon.png */ = {isa = PBXFileReference; lastKnownFileType = image.png; path = Icon.png; sourceTree = "<group>"; };
		9A9BD3E31C17092700B63C12 /* Icon@2x.png */ = {isa = PBXFileReference; lastKnownFileType = image.png; path = "Icon@2x.png"; sourceTree = "<group>"; };
		9A9BD3E41C17092700B63C12 /* iTunesArtwork.png */ = {isa = PBXFileReference; lastKnownFileType = image.png; path = iTunesArtwork.png; sourceTree = "<group>"; };
		9A9BD3E51C17092700B63C12 /* iTunesArtwork@2x.png */ = {isa = PBXFileReference; lastKnownFileType = image.png; path = "iTunesArtwork@2x.png"; sourceTree = "<group>"; };
		9AA1F5AE1BDD1D590031FE17 /* hanguk.app */ = {isa = PBXFileReference; explicitFileType = wrapper.application; includeInIndex = 0; path = hanguk.app; sourceTree = BUILT_PRODUCTS_DIR; };
		9AA1F5B11BDD1D590031FE17 /* AppDelegate.swift */ = {isa = PBXFileReference; lastKnownFileType = sourcecode.swift; path = AppDelegate.swift; sourceTree = "<group>"; };
		9AA1F5B31BDD1D590031FE17 /* QuizViewController.swift */ = {isa = PBXFileReference; lastKnownFileType = sourcecode.swift; path = QuizViewController.swift; sourceTree = "<group>"; };
		9AA1F5B61BDD1D590031FE17 /* Base */ = {isa = PBXFileReference; lastKnownFileType = file.storyboard; name = Base; path = Base.lproj/Main.storyboard; sourceTree = "<group>"; };
		9AA1F5B81BDD1D590031FE17 /* Assets.xcassets */ = {isa = PBXFileReference; lastKnownFileType = folder.assetcatalog; path = Assets.xcassets; sourceTree = "<group>"; };
		9AA1F5BB1BDD1D590031FE17 /* Base */ = {isa = PBXFileReference; lastKnownFileType = file.storyboard; name = Base; path = Base.lproj/LaunchScreen.storyboard; sourceTree = "<group>"; };
		9AA1F5BD1BDD1D590031FE17 /* Info.plist */ = {isa = PBXFileReference; lastKnownFileType = text.plist.xml; path = Info.plist; sourceTree = "<group>"; };
		9AA1F5C21BDD1D590031FE17 /* hangukTests.xctest */ = {isa = PBXFileReference; explicitFileType = wrapper.cfbundle; includeInIndex = 0; path = hangukTests.xctest; sourceTree = BUILT_PRODUCTS_DIR; };
		9AA1F5C61BDD1D590031FE17 /* hangukTests.swift */ = {isa = PBXFileReference; lastKnownFileType = sourcecode.swift; path = hangukTests.swift; sourceTree = "<group>"; };
		9AA1F5C81BDD1D590031FE17 /* Info.plist */ = {isa = PBXFileReference; lastKnownFileType = text.plist.xml; path = Info.plist; sourceTree = "<group>"; };
		9AA1F5CD1BDD1D5A0031FE17 /* hangukUITests.xctest */ = {isa = PBXFileReference; explicitFileType = wrapper.cfbundle; includeInIndex = 0; path = hangukUITests.xctest; sourceTree = BUILT_PRODUCTS_DIR; };
		9AA1F5D11BDD1D5A0031FE17 /* hangukUITests.swift */ = {isa = PBXFileReference; lastKnownFileType = sourcecode.swift; path = hangukUITests.swift; sourceTree = "<group>"; };
		9AA1F5D31BDD1D5A0031FE17 /* Info.plist */ = {isa = PBXFileReference; lastKnownFileType = text.plist.xml; path = Info.plist; sourceTree = "<group>"; };
		9AB0F6401BE1B95800EF663F /* buttons.png */ = {isa = PBXFileReference; lastKnownFileType = image.png; path = buttons.png; sourceTree = "<group>"; };
		9AB0F6421BE1D57400EF663F /* back1.png */ = {isa = PBXFileReference; lastKnownFileType = image.png; path = back1.png; sourceTree = "<group>"; };
		9AB0F64A1BE1E2C300EF663F /* back3.png */ = {isa = PBXFileReference; lastKnownFileType = image.png; path = back3.png; sourceTree = "<group>"; };
		9AB0F64C1BE1E30900EF663F /* sensu.png */ = {isa = PBXFileReference; lastKnownFileType = image.png; path = sensu.png; sourceTree = "<group>"; };
		9ADF1F821BF63700007985BC /* maru.png */ = {isa = PBXFileReference; lastKnownFileType = image.png; path = maru.png; sourceTree = "<group>"; };
		9ADF1F841BF6370D007985BC /* batsu.png */ = {isa = PBXFileReference; lastKnownFileType = image.png; path = batsu.png; sourceTree = "<group>"; };
		9AF295F71BEB0DFA0040C62A /* AdSupport.framework */ = {isa = PBXFileReference; lastKnownFileType = wrapper.framework; name = AdSupport.framework; path = System/Library/Frameworks/AdSupport.framework; sourceTree = SDKROOT; };
		9AF295F91BEB0E030040C62A /* AudioToolbox.framework */ = {isa = PBXFileReference; lastKnownFileType = wrapper.framework; name = AudioToolbox.framework; path = System/Library/Frameworks/AudioToolbox.framework; sourceTree = SDKROOT; };
		9AF295FB1BEB0E100040C62A /* AVFoundation.framework */ = {isa = PBXFileReference; lastKnownFileType = wrapper.framework; name = AVFoundation.framework; path = System/Library/Frameworks/AVFoundation.framework; sourceTree = SDKROOT; };
		9AF295FD1BEB0E1E0040C62A /* CoreGraphics.framework */ = {isa = PBXFileReference; lastKnownFileType = wrapper.framework; name = CoreGraphics.framework; path = System/Library/Frameworks/CoreGraphics.framework; sourceTree = SDKROOT; };
		9AF295FF1BEB11270040C62A /* CoreMedia.framework */ = {isa = PBXFileReference; lastKnownFileType = wrapper.framework; name = CoreMedia.framework; path = System/Library/Frameworks/CoreMedia.framework; sourceTree = SDKROOT; };
		9AF296011BEB113A0040C62A /* CoreTelephony.framework */ = {isa = PBXFileReference; lastKnownFileType = wrapper.framework; name = CoreTelephony.framework; path = System/Library/Frameworks/CoreTelephony.framework; sourceTree = SDKROOT; };
		9AF296031BEB114E0040C62A /* EventKit.framework */ = {isa = PBXFileReference; lastKnownFileType = wrapper.framework; name = EventKit.framework; path = System/Library/Frameworks/EventKit.framework; sourceTree = SDKROOT; };
		9AF296051BEB11560040C62A /* EventKitUI.framework */ = {isa = PBXFileReference; lastKnownFileType = wrapper.framework; name = EventKitUI.framework; path = System/Library/Frameworks/EventKitUI.framework; sourceTree = SDKROOT; };
		9AF296071BEB11690040C62A /* StoreKit.framework */ = {isa = PBXFileReference; lastKnownFileType = wrapper.framework; name = StoreKit.framework; path = System/Library/Frameworks/StoreKit.framework; sourceTree = SDKROOT; };
		9AF296091BEB11790040C62A /* SystemConfiguration.framework */ = {isa = PBXFileReference; lastKnownFileType = wrapper.framework; name = SystemConfiguration.framework; path = System/Library/Frameworks/SystemConfiguration.framework; sourceTree = SDKROOT; };
		9AFD7C8F1BE08D19003B575A /* ResultViewController.swift */ = {isa = PBXFileReference; fileEncoding = 4; lastKnownFileType = sourcecode.swift; path = ResultViewController.swift; sourceTree = "<group>"; };
/* End PBXFileReference section */

/* Begin PBXFrameworksBuildPhase section */
		9A71C3171C04456B00604826 /* Frameworks */ = {
			isa = PBXFrameworksBuildPhase;
			buildActionMask = 2147483647;
			files = (
			);
			runOnlyForDeploymentPostprocessing = 0;
		};
		9A71C32A1C04456B00604826 /* Frameworks */ = {
			isa = PBXFrameworksBuildPhase;
			buildActionMask = 2147483647;
			files = (
			);
			runOnlyForDeploymentPostprocessing = 0;
		};
		9A71C3351C04456B00604826 /* Frameworks */ = {
			isa = PBXFrameworksBuildPhase;
			buildActionMask = 2147483647;
			files = (
			);
			runOnlyForDeploymentPostprocessing = 0;
		};
		9AA1F5AB1BDD1D590031FE17 /* Frameworks */ = {
			isa = PBXFrameworksBuildPhase;
			buildActionMask = 2147483647;
			files = (
				9AF2960A1BEB11790040C62A /* SystemConfiguration.framework in Frameworks */,
				9AF296081BEB11690040C62A /* StoreKit.framework in Frameworks */,
				9AF296061BEB11560040C62A /* EventKitUI.framework in Frameworks */,
				9A8D36A01BEB7A670052B4E9 /* GoogleMobileAds.framework in Frameworks */,
				9AF296041BEB114E0040C62A /* EventKit.framework in Frameworks */,
				9AF296021BEB113A0040C62A /* CoreTelephony.framework in Frameworks */,
				9AF296001BEB11270040C62A /* CoreMedia.framework in Frameworks */,
				9AF295FE1BEB0E1E0040C62A /* CoreGraphics.framework in Frameworks */,
				9AF295FC1BEB0E100040C62A /* AVFoundation.framework in Frameworks */,
				9AF295FA1BEB0E030040C62A /* AudioToolbox.framework in Frameworks */,
				9AF295F81BEB0DFA0040C62A /* AdSupport.framework in Frameworks */,
			);
			runOnlyForDeploymentPostprocessing = 0;
		};
		9AA1F5BF1BDD1D590031FE17 /* Frameworks */ = {
			isa = PBXFrameworksBuildPhase;
			buildActionMask = 2147483647;
			files = (
			);
			runOnlyForDeploymentPostprocessing = 0;
		};
		9AA1F5CA1BDD1D5A0031FE17 /* Frameworks */ = {
			isa = PBXFrameworksBuildPhase;
			buildActionMask = 2147483647;
			files = (
			);
			runOnlyForDeploymentPostprocessing = 0;
		};
/* End PBXFrameworksBuildPhase section */

/* Begin PBXGroup section */
		9A201C461BE3CD1A0067B3D7 /* image */ = {
			isa = PBXGroup;
			children = (
				9AB0F6421BE1D57400EF663F /* back1.png */,
				9AB0F6401BE1B95800EF663F /* buttons.png */,
				9ADF1F821BF63700007985BC /* maru.png */,
				9ADF1F841BF6370D007985BC /* batsu.png */,
				9AB0F64A1BE1E2C300EF663F /* back3.png */,
				9AB0F64C1BE1E30900EF663F /* sensu.png */,
				9A201C421BE3CD110067B3D7 /* false.png */,
				9A201C431BE3CD110067B3D7 /* true.png */,
				9A9BD3D11C17092700B63C12 /* ios−2 */,
			);
			name = image;
			sourceTree = "<group>";
		};
		9A8D36A31BEED6A20052B4E9 /* frameworks */ = {
			isa = PBXGroup;
			children = (
				9A8D369F1BEB7A670052B4E9 /* GoogleMobileAds.framework */,
				9AF296091BEB11790040C62A /* SystemConfiguration.framework */,
				9AF296071BEB11690040C62A /* StoreKit.framework */,
				9AF296051BEB11560040C62A /* EventKitUI.framework */,
				9AF296031BEB114E0040C62A /* EventKit.framework */,
				9AF296011BEB113A0040C62A /* CoreTelephony.framework */,
				9AF295FF1BEB11270040C62A /* CoreMedia.framework */,
				9AF295FD1BEB0E1E0040C62A /* CoreGraphics.framework */,
				9AF295FB1BEB0E100040C62A /* AVFoundation.framework */,
				9AF295F91BEB0E030040C62A /* AudioToolbox.framework */,
				9AF295F71BEB0DFA0040C62A /* AdSupport.framework */,
			);
			name = frameworks;
			sourceTree = "<group>";
		};
		9A9BD3D11C17092700B63C12 /* ios−2 */ = {
			isa = PBXGroup;
			children = (
				9A9BD3D21C17092700B63C12 /* AppIcon.appiconset */,
				9A9BD3DD1C17092700B63C12 /* Icon-60.png */,
				9A9BD3DE1C17092700B63C12 /* Icon-72.png */,
				9A9BD3DF1C17092700B63C12 /* Icon-72@2x.png */,
				9A9BD3E01C17092700B63C12 /* Icon-Small-50.png */,
				9A9BD3E11C17092700B63C12 /* Icon-Small-50@2x.png */,
				9A9BD3E21C17092700B63C12 /* Icon.png */,
				9A9BD3E31C17092700B63C12 /* Icon@2x.png */,
				9A9BD3E41C17092700B63C12 /* iTunesArtwork.png */,
				9A9BD3E51C17092700B63C12 /* iTunesArtwork@2x.png */,
			);
			path = "ios−2";
			sourceTree = "<group>";
		};
		9A9BD3D21C17092700B63C12 /* AppIcon.appiconset */ = {
			isa = PBXGroup;
			children = (
				9A9BD3D31C17092700B63C12 /* Icon-40.png */,
				9A9BD3D41C17092700B63C12 /* Icon-40@2x.png */,
				9A9BD3D51C17092700B63C12 /* Icon-40@3x.png */,
				9A9BD3D61C17092700B63C12 /* Icon-60@2x.png */,
				9A9BD3D71C17092700B63C12 /* Icon-60@3x.png */,
				9A9BD3D81C17092700B63C12 /* Icon-76.png */,
				9A9BD3D91C17092700B63C12 /* Icon-76@2x.png */,
				9A24D8EC1C8EB85700230B11 /* Icon-83.5@2x.png */,
				9A9BD3DA1C17092700B63C12 /* Icon-Small.png */,
				9A9BD3DB1C17092700B63C12 /* Icon-Small@2x.png */,
				9A9BD3DC1C17092700B63C12 /* Icon-Small@3x.png */,
			);
			path = AppIcon.appiconset;
			sourceTree = "<group>";
		};
		9AA1F5A51BDD1D590031FE17 = {
			isa = PBXGroup;
			children = (
				9A8D36A31BEED6A20052B4E9 /* frameworks */,
				9AA1F5B01BDD1D590031FE17 /* hanguk */,
				9AA1F5C51BDD1D590031FE17 /* hangukTests */,
				9AA1F5D01BDD1D5A0031FE17 /* hangukUITests */,
				9AA1F5AF1BDD1D590031FE17 /* Products */,
			);
			sourceTree = "<group>";
		};
		9AA1F5AF1BDD1D590031FE17 /* Products */ = {
			isa = PBXGroup;
			children = (
				9AA1F5AE1BDD1D590031FE17 /* hanguk.app */,
				9AA1F5C21BDD1D590031FE17 /* hangukTests.xctest */,
				9AA1F5CD1BDD1D5A0031FE17 /* hangukUITests.xctest */,
				9A71C31A1C04456B00604826 /* hanguk.ipad.app */,
				9A71C32D1C04456B00604826 /* hanguk.ipadTests.xctest */,
				9A71C3381C04456B00604826 /* hanguk.ipadUITests.xctest */,
			);
			name = Products;
			sourceTree = "<group>";
		};
		9AA1F5B01BDD1D590031FE17 /* hanguk */ = {
			isa = PBXGroup;
			children = (
				9A201C461BE3CD1A0067B3D7 /* image */,
				9AA1F5B11BDD1D590031FE17 /* AppDelegate.swift */,
				9AA1F5B31BDD1D590031FE17 /* QuizViewController.swift */,
				9AFD7C8F1BE08D19003B575A /* ResultViewController.swift */,
				9AA1F5B51BDD1D590031FE17 /* Main.storyboard */,
				9AA1F5B81BDD1D590031FE17 /* Assets.xcassets */,
				9AA1F5BA1BDD1D590031FE17 /* LaunchScreen.storyboard */,
				9AA1F5BD1BDD1D590031FE17 /* Info.plist */,
			);
			path = hanguk;
			sourceTree = "<group>";
		};
		9AA1F5C51BDD1D590031FE17 /* hangukTests */ = {
			isa = PBXGroup;
			children = (
				9AA1F5C61BDD1D590031FE17 /* hangukTests.swift */,
				9AA1F5C81BDD1D590031FE17 /* Info.plist */,
			);
			path = hangukTests;
			sourceTree = "<group>";
		};
		9AA1F5D01BDD1D5A0031FE17 /* hangukUITests */ = {
			isa = PBXGroup;
			children = (
				9AA1F5D11BDD1D5A0031FE17 /* hangukUITests.swift */,
				9AA1F5D31BDD1D5A0031FE17 /* Info.plist */,
			);
			path = hangukUITests;
			sourceTree = "<group>";
		};
/* End PBXGroup section */

/* Begin PBXNativeTarget section */
		9A71C3191C04456B00604826 /* hanguk.ipad */ = {
			isa = PBXNativeTarget;
			buildConfigurationList = 9A71C33F1C04456B00604826 /* Build configuration list for PBXNativeTarget "hanguk.ipad" */;
			buildPhases = (
				9A71C3161C04456B00604826 /* Sources */,
				9A71C3171C04456B00604826 /* Frameworks */,
				9A71C3181C04456B00604826 /* Resources */,
			);
			buildRules = (
			);
			dependencies = (
			);
			name = hanguk.ipad;
			productName = hanguk.ipad;
			productReference = 9A71C31A1C04456B00604826 /* hanguk.ipad.app */;
			productType = "com.apple.product-type.application";
		};
		9A71C32C1C04456B00604826 /* hanguk.ipadTests */ = {
			isa = PBXNativeTarget;
			buildConfigurationList = 9A71C3421C04456B00604826 /* Build configuration list for PBXNativeTarget "hanguk.ipadTests" */;
			buildPhases = (
				9A71C3291C04456B00604826 /* Sources */,
				9A71C32A1C04456B00604826 /* Frameworks */,
				9A71C32B1C04456B00604826 /* Resources */,
			);
			buildRules = (
			);
			dependencies = (
				9A71C32F1C04456B00604826 /* PBXTargetDependency */,
			);
			name = hanguk.ipadTests;
			productName = hanguk.ipadTests;
			productReference = 9A71C32D1C04456B00604826 /* hanguk.ipadTests.xctest */;
			productType = "com.apple.product-type.bundle.unit-test";
		};
		9A71C3371C04456B00604826 /* hanguk.ipadUITests */ = {
			isa = PBXNativeTarget;
			buildConfigurationList = 9A71C3451C04456B00604826 /* Build configuration list for PBXNativeTarget "hanguk.ipadUITests" */;
			buildPhases = (
				9A71C3341C04456B00604826 /* Sources */,
				9A71C3351C04456B00604826 /* Frameworks */,
				9A71C3361C04456B00604826 /* Resources */,
			);
			buildRules = (
			);
			dependencies = (
				9A71C33A1C04456B00604826 /* PBXTargetDependency */,
				9A71C34B1C044BCB00604826 /* PBXTargetDependency */,
			);
			name = hanguk.ipadUITests;
			productName = hanguk.ipadUITests;
			productReference = 9A71C3381C04456B00604826 /* hanguk.ipadUITests.xctest */;
			productType = "com.apple.product-type.bundle.ui-testing";
		};
		9AA1F5AD1BDD1D590031FE17 /* hanguk */ = {
			isa = PBXNativeTarget;
			buildConfigurationList = 9AA1F5D61BDD1D5A0031FE17 /* Build configuration list for PBXNativeTarget "hanguk" */;
			buildPhases = (
				9AA1F5AA1BDD1D590031FE17 /* Sources */,
				9AA1F5AB1BDD1D590031FE17 /* Frameworks */,
				9AA1F5AC1BDD1D590031FE17 /* Resources */,
			);
			buildRules = (
			);
			dependencies = (
			);
			name = hanguk;
			productName = hanguk;
			productReference = 9AA1F5AE1BDD1D590031FE17 /* hanguk.app */;
			productType = "com.apple.product-type.application";
		};
		9AA1F5C11BDD1D590031FE17 /* hangukTests */ = {
			isa = PBXNativeTarget;
			buildConfigurationList = 9AA1F5D91BDD1D5A0031FE17 /* Build configuration list for PBXNativeTarget "hangukTests" */;
			buildPhases = (
				9AA1F5BE1BDD1D590031FE17 /* Sources */,
				9AA1F5BF1BDD1D590031FE17 /* Frameworks */,
				9AA1F5C01BDD1D590031FE17 /* Resources */,
			);
			buildRules = (
			);
			dependencies = (
				9AA1F5C41BDD1D590031FE17 /* PBXTargetDependency */,
			);
			name = hangukTests;
			productName = hangukTests;
			productReference = 9AA1F5C21BDD1D590031FE17 /* hangukTests.xctest */;
			productType = "com.apple.product-type.bundle.unit-test";
		};
		9AA1F5CC1BDD1D5A0031FE17 /* hangukUITests */ = {
			isa = PBXNativeTarget;
			buildConfigurationList = 9AA1F5DC1BDD1D5A0031FE17 /* Build configuration list for PBXNativeTarget "hangukUITests" */;
			buildPhases = (
				9AA1F5C91BDD1D5A0031FE17 /* Sources */,
				9AA1F5CA1BDD1D5A0031FE17 /* Frameworks */,
				9AA1F5CB1BDD1D5A0031FE17 /* Resources */,
			);
			buildRules = (
			);
			dependencies = (
				9AA1F5CF1BDD1D5A0031FE17 /* PBXTargetDependency */,
			);
			name = hangukUITests;
			productName = hangukUITests;
			productReference = 9AA1F5CD1BDD1D5A0031FE17 /* hangukUITests.xctest */;
			productType = "com.apple.product-type.bundle.ui-testing";
		};
/* End PBXNativeTarget section */

/* Begin PBXProject section */
		9AA1F5A61BDD1D590031FE17 /* Project object */ = {
			isa = PBXProject;
			attributes = {
				LastSwiftUpdateCheck = 0710;
				LastUpgradeCheck = 0710;
				ORGANIZATIONNAME = Karin;
				TargetAttributes = {
					9A71C3191C04456B00604826 = {
						CreatedOnToolsVersion = 7.1.1;
					};
					9A71C32C1C04456B00604826 = {
						CreatedOnToolsVersion = 7.1.1;
						TestTargetID = 9A71C3191C04456B00604826;
					};
					9A71C3371C04456B00604826 = {
						CreatedOnToolsVersion = 7.1.1;
						TestTargetID = 9AA1F5AD1BDD1D590031FE17;
					};
					9AA1F5AD1BDD1D590031FE17 = {
						CreatedOnToolsVersion = 7.0.1;
						DevelopmentTeam = 4NN44SZ65T;
					};
					9AA1F5C11BDD1D590031FE17 = {
						CreatedOnToolsVersion = 7.0.1;
						TestTargetID = 9AA1F5AD1BDD1D590031FE17;
					};
					9AA1F5CC1BDD1D5A0031FE17 = {
						CreatedOnToolsVersion = 7.0.1;
						TestTargetID = 9AA1F5AD1BDD1D590031FE17;
					};
				};
			};
			buildConfigurationList = 9AA1F5A91BDD1D590031FE17 /* Build configuration list for PBXProject "hanguk" */;
			compatibilityVersion = "Xcode 3.2";
			developmentRegion = English;
			hasScannedForEncodings = 0;
			knownRegions = (
				en,
				Base,
			);
			mainGroup = 9AA1F5A51BDD1D590031FE17;
			productRefGroup = 9AA1F5AF1BDD1D590031FE17 /* Products */;
			projectDirPath = "";
			projectRoot = "";
			targets = (
				9AA1F5AD1BDD1D590031FE17 /* hanguk */,
				9AA1F5C11BDD1D590031FE17 /* hangukTests */,
				9AA1F5CC1BDD1D5A0031FE17 /* hangukUITests */,
				9A71C3191C04456B00604826 /* hanguk.ipad */,
				9A71C32C1C04456B00604826 /* hanguk.ipadTests */,
				9A71C3371C04456B00604826 /* hanguk.ipadUITests */,
			);
		};
/* End PBXProject section */

/* Begin PBXResourcesBuildPhase section */
		9A71C3181C04456B00604826 /* Resources */ = {
			isa = PBXResourcesBuildPhase;
			buildActionMask = 2147483647;
			files = (
			);
			runOnlyForDeploymentPostprocessing = 0;
		};
		9A71C32B1C04456B00604826 /* Resources */ = {
			isa = PBXResourcesBuildPhase;
			buildActionMask = 2147483647;
			files = (
			);
			runOnlyForDeploymentPostprocessing = 0;
		};
		9A71C3361C04456B00604826 /* Resources */ = {
			isa = PBXResourcesBuildPhase;
			buildActionMask = 2147483647;
			files = (
			);
			runOnlyForDeploymentPostprocessing = 0;
		};
		9AA1F5AC1BDD1D590031FE17 /* Resources */ = {
			isa = PBXResourcesBuildPhase;
			buildActionMask = 2147483647;
			files = (
				9A9BD3EB1C17092700B63C12 /* Icon-76.png in Resources */,
				9A9BD3F61C17092700B63C12 /* Icon@2x.png in Resources */,
				9AA1F5BC1BDD1D590031FE17 /* LaunchScreen.storyboard in Resources */,
				9A9BD3F71C17092700B63C12 /* iTunesArtwork.png in Resources */,
				9A9BD3EC1C17092700B63C12 /* Icon-76@2x.png in Resources */,
				9AB0F6431BE1D57400EF663F /* back1.png in Resources */,
				9A9BD3E81C17092700B63C12 /* Icon-40@3x.png in Resources */,
				9A9BD3F81C17092700B63C12 /* iTunesArtwork@2x.png in Resources */,
				9A9BD3F21C17092700B63C12 /* Icon-72@2x.png in Resources */,
				9A9BD3F31C17092700B63C12 /* Icon-Small-50.png in Resources */,
				9A9BD3EE1C17092700B63C12 /* Icon-Small@2x.png in Resources */,
				9ADF1F851BF6370D007985BC /* batsu.png in Resources */,
				9A9BD3E71C17092700B63C12 /* Icon-40@2x.png in Resources */,
				9A9BD3F11C17092700B63C12 /* Icon-72.png in Resources */,
				9A201C451BE3CD110067B3D7 /* true.png in Resources */,
				9AB0F64D1BE1E30900EF663F /* sensu.png in Resources */,
				9A9BD3F01C17092700B63C12 /* Icon-60.png in Resources */,
				9AB0F6411BE1B95800EF663F /* buttons.png in Resources */,
				9A9BD3EA1C17092700B63C12 /* Icon-60@3x.png in Resources */,
				9A9BD3F41C17092700B63C12 /* Icon-Small-50@2x.png in Resources */,
				9A9BD3EF1C17092700B63C12 /* Icon-Small@3x.png in Resources */,
				9A9BD3F51C17092700B63C12 /* Icon.png in Resources */,
				9A9BD3ED1C17092700B63C12 /* Icon-Small.png in Resources */,
				9A9BD3E61C17092700B63C12 /* Icon-40.png in Resources */,
				9A71C34C1C06D5DE00604826 /* Assets.xcassets in Resources */,
				9AB0F64B1BE1E2C300EF663F /* back3.png in Resources */,
				9ADF1F831BF63700007985BC /* maru.png in Resources */,
				9A9BD3E91C17092700B63C12 /* Icon-60@2x.png in Resources */,
				9AA1F5B71BDD1D590031FE17 /* Main.storyboard in Resources */,
				9A201C441BE3CD110067B3D7 /* false.png in Resources */,
				9A24D8ED1C8EB85700230B11 /* Icon-83.5@2x.png in Resources */,
			);
			runOnlyForDeploymentPostprocessing = 0;
		};
		9AA1F5C01BDD1D590031FE17 /* Resources */ = {
			isa = PBXResourcesBuildPhase;
			buildActionMask = 2147483647;
			files = (
			);
			runOnlyForDeploymentPostprocessing = 0;
		};
		9AA1F5CB1BDD1D5A0031FE17 /* Resources */ = {
			isa = PBXResourcesBuildPhase;
			buildActionMask = 2147483647;
			files = (
			);
			runOnlyForDeploymentPostprocessing = 0;
		};
/* End PBXResourcesBuildPhase section */

/* Begin PBXSourcesBuildPhase section */
		9A71C3161C04456B00604826 /* Sources */ = {
			isa = PBXSourcesBuildPhase;
			buildActionMask = 2147483647;
			files = (
			);
			runOnlyForDeploymentPostprocessing = 0;
		};
		9A71C3291C04456B00604826 /* Sources */ = {
			isa = PBXSourcesBuildPhase;
			buildActionMask = 2147483647;
			files = (
			);
			runOnlyForDeploymentPostprocessing = 0;
		};
		9A71C3341C04456B00604826 /* Sources */ = {
			isa = PBXSourcesBuildPhase;
			buildActionMask = 2147483647;
			files = (
			);
			runOnlyForDeploymentPostprocessing = 0;
		};
		9AA1F5AA1BDD1D590031FE17 /* Sources */ = {
			isa = PBXSourcesBuildPhase;
			buildActionMask = 2147483647;
			files = (
				9AA1F5B41BDD1D590031FE17 /* QuizViewController.swift in Sources */,
				9AA1F5B21BDD1D590031FE17 /* AppDelegate.swift in Sources */,
				9AFD7C901BE08D19003B575A /* ResultViewController.swift in Sources */,
			);
			runOnlyForDeploymentPostprocessing = 0;
		};
		9AA1F5BE1BDD1D590031FE17 /* Sources */ = {
			isa = PBXSourcesBuildPhase;
			buildActionMask = 2147483647;
			files = (
				9AA1F5C71BDD1D590031FE17 /* hangukTests.swift in Sources */,
			);
			runOnlyForDeploymentPostprocessing = 0;
		};
		9AA1F5C91BDD1D5A0031FE17 /* Sources */ = {
			isa = PBXSourcesBuildPhase;
			buildActionMask = 2147483647;
			files = (
				9AA1F5D21BDD1D5A0031FE17 /* hangukUITests.swift in Sources */,
			);
			runOnlyForDeploymentPostprocessing = 0;
		};
/* End PBXSourcesBuildPhase section */

/* Begin PBXTargetDependency section */
		9A71C32F1C04456B00604826 /* PBXTargetDependency */ = {
			isa = PBXTargetDependency;
			target = 9A71C3191C04456B00604826 /* hanguk.ipad */;
			targetProxy = 9A71C32E1C04456B00604826 /* PBXContainerItemProxy */;
		};
		9A71C33A1C04456B00604826 /* PBXTargetDependency */ = {
			isa = PBXTargetDependency;
			target = 9A71C3191C04456B00604826 /* hanguk.ipad */;
			targetProxy = 9A71C3391C04456B00604826 /* PBXContainerItemProxy */;
		};
		9A71C34B1C044BCB00604826 /* PBXTargetDependency */ = {
			isa = PBXTargetDependency;
			target = 9AA1F5AD1BDD1D590031FE17 /* hanguk */;
			targetProxy = 9A71C34A1C044BCB00604826 /* PBXContainerItemProxy */;
		};
		9AA1F5C41BDD1D590031FE17 /* PBXTargetDependency */ = {
			isa = PBXTargetDependency;
			target = 9AA1F5AD1BDD1D590031FE17 /* hanguk */;
			targetProxy = 9AA1F5C31BDD1D590031FE17 /* PBXContainerItemProxy */;
		};
		9AA1F5CF1BDD1D5A0031FE17 /* PBXTargetDependency */ = {
			isa = PBXTargetDependency;
			target = 9AA1F5AD1BDD1D590031FE17 /* hanguk */;
			targetProxy = 9AA1F5CE1BDD1D5A0031FE17 /* PBXContainerItemProxy */;
		};
/* End PBXTargetDependency section */

/* Begin PBXVariantGroup section */
		9AA1F5B51BDD1D590031FE17 /* Main.storyboard */ = {
			isa = PBXVariantGroup;
			children = (
				9AA1F5B61BDD1D590031FE17 /* Base */,
			);
			name = Main.storyboard;
			sourceTree = "<group>";
		};
		9AA1F5BA1BDD1D590031FE17 /* LaunchScreen.storyboard */ = {
			isa = PBXVariantGroup;
			children = (
				9AA1F5BB1BDD1D590031FE17 /* Base */,
			);
			name = LaunchScreen.storyboard;
			sourceTree = "<group>";
		};
/* End PBXVariantGroup section */

/* Begin XCBuildConfiguration section */
		9A71C3401C04456B00604826 /* Debug */ = {
			isa = XCBuildConfiguration;
			buildSettings = {
				ASSETCATALOG_COMPILER_APPICON_NAME = AppIcon;
				INFOPLIST_FILE = hanguk.ipad/Info.plist;
				LD_RUNPATH_SEARCH_PATHS = "$(inherited) @executable_path/Frameworks";
				PRODUCT_BUNDLE_IDENTIFIER = "Karin.hanguk-ipad";
				PRODUCT_NAME = "$(TARGET_NAME)";
				TARGETED_DEVICE_FAMILY = 2;
			};
			name = Debug;
		};
		9A71C3411C04456B00604826 /* Release */ = {
			isa = XCBuildConfiguration;
			buildSettings = {
				ASSETCATALOG_COMPILER_APPICON_NAME = AppIcon;
				INFOPLIST_FILE = hanguk.ipad/Info.plist;
				LD_RUNPATH_SEARCH_PATHS = "$(inherited) @executable_path/Frameworks";
				PRODUCT_BUNDLE_IDENTIFIER = "Karin.hanguk-ipad";
				PRODUCT_NAME = "$(TARGET_NAME)";
				TARGETED_DEVICE_FAMILY = 2;
			};
			name = Release;
		};
		9A71C3431C04456B00604826 /* Debug */ = {
			isa = XCBuildConfiguration;
			buildSettings = {
				BUNDLE_LOADER = "$(TEST_HOST)";
				INFOPLIST_FILE = hanguk.ipadTests/Info.plist;
				LD_RUNPATH_SEARCH_PATHS = "$(inherited) @executable_path/Frameworks @loader_path/Frameworks";
				PRODUCT_BUNDLE_IDENTIFIER = "Karin.hanguk-ipadTests";
				PRODUCT_NAME = "$(TARGET_NAME)";
				TEST_HOST = "$(BUILT_PRODUCTS_DIR)/hanguk.ipad.app/hanguk.ipad";
			};
			name = Debug;
		};
		9A71C3441C04456B00604826 /* Release */ = {
			isa = XCBuildConfiguration;
			buildSettings = {
				BUNDLE_LOADER = "$(TEST_HOST)";
				INFOPLIST_FILE = hanguk.ipadTests/Info.plist;
				LD_RUNPATH_SEARCH_PATHS = "$(inherited) @executable_path/Frameworks @loader_path/Frameworks";
				PRODUCT_BUNDLE_IDENTIFIER = "Karin.hanguk-ipadTests";
				PRODUCT_NAME = "$(TARGET_NAME)";
				TEST_HOST = "$(BUILT_PRODUCTS_DIR)/hanguk.ipad.app/hanguk.ipad";
			};
			name = Release;
		};
		9A71C3461C04456B00604826 /* Debug */ = {
			isa = XCBuildConfiguration;
			buildSettings = {
				INFOPLIST_FILE = hanguk.ipadUITests/Info.plist;
				LD_RUNPATH_SEARCH_PATHS = "$(inherited) @executable_path/Frameworks @loader_path/Frameworks";
				PRODUCT_BUNDLE_IDENTIFIER = "Karin.hanguk-ipadUITests";
				PRODUCT_NAME = "$(TARGET_NAME)";
				PROVISIONING_PROFILE = "71bc0f3e-1212-43fd-8508-9aed8e10516d";
				TEST_TARGET_NAME = hanguk;
				USES_XCTRUNNER = YES;
			};
			name = Debug;
		};
		9A71C3471C04456B00604826 /* Release */ = {
			isa = XCBuildConfiguration;
			buildSettings = {
				INFOPLIST_FILE = hanguk.ipadUITests/Info.plist;
				LD_RUNPATH_SEARCH_PATHS = "$(inherited) @executable_path/Frameworks @loader_path/Frameworks";
				PRODUCT_BUNDLE_IDENTIFIER = "Karin.hanguk-ipadUITests";
				PRODUCT_NAME = "$(TARGET_NAME)";
				PROVISIONING_PROFILE = "71bc0f3e-1212-43fd-8508-9aed8e10516d";
				TEST_TARGET_NAME = hanguk;
				USES_XCTRUNNER = YES;
			};
			name = Release;
		};
		9AA1F5D41BDD1D5A0031FE17 /* Debug */ = {
			isa = XCBuildConfiguration;
			buildSettings = {
				ALWAYS_SEARCH_USER_PATHS = NO;
				CLANG_CXX_LANGUAGE_STANDARD = "gnu++0x";
				CLANG_CXX_LIBRARY = "libc++";
				CLANG_ENABLE_MODULES = YES;
				CLANG_ENABLE_OBJC_ARC = YES;
				CLANG_WARN_BOOL_CONVERSION = YES;
				CLANG_WARN_CONSTANT_CONVERSION = YES;
				CLANG_WARN_DIRECT_OBJC_ISA_USAGE = YES_ERROR;
				CLANG_WARN_EMPTY_BODY = YES;
				CLANG_WARN_ENUM_CONVERSION = YES;
				CLANG_WARN_INT_CONVERSION = YES;
				CLANG_WARN_OBJC_ROOT_CLASS = YES_ERROR;
				CLANG_WARN_UNREACHABLE_CODE = YES;
				CLANG_WARN__DUPLICATE_METHOD_MATCH = YES;
				"CODE_SIGN_IDENTITY[sdk=iphoneos*]" = "iPhone Developer";
				COPY_PHASE_STRIP = NO;
				DEBUG_INFORMATION_FORMAT = dwarf;
				ENABLE_STRICT_OBJC_MSGSEND = YES;
				ENABLE_TESTABILITY = YES;
				GCC_C_LANGUAGE_STANDARD = gnu99;
				GCC_DYNAMIC_NO_PIC = NO;
				GCC_NO_COMMON_BLOCKS = YES;
				GCC_OPTIMIZATION_LEVEL = 0;
				GCC_PREPROCESSOR_DEFINITIONS = (
					"DEBUG=1",
					"$(inherited)",
				);
				GCC_WARN_64_TO_32_BIT_CONVERSION = YES;
				GCC_WARN_ABOUT_RETURN_TYPE = YES_ERROR;
				GCC_WARN_UNDECLARED_SELECTOR = YES;
				GCC_WARN_UNINITIALIZED_AUTOS = YES_AGGRESSIVE;
				GCC_WARN_UNUSED_FUNCTION = YES;
				GCC_WARN_UNUSED_VARIABLE = YES;
				IPHONEOS_DEPLOYMENT_TARGET = 9.1;
				MTL_ENABLE_DEBUG_INFO = YES;
				ONLY_ACTIVE_ARCH = YES;
				SDKROOT = iphoneos;
				SWIFT_OPTIMIZATION_LEVEL = "-Onone";
			};
			name = Debug;
		};
		9AA1F5D51BDD1D5A0031FE17 /* Release */ = {
			isa = XCBuildConfiguration;
			buildSettings = {
				ALWAYS_SEARCH_USER_PATHS = NO;
				CLANG_CXX_LANGUAGE_STANDARD = "gnu++0x";
				CLANG_CXX_LIBRARY = "libc++";
				CLANG_ENABLE_MODULES = YES;
				CLANG_ENABLE_OBJC_ARC = YES;
				CLANG_WARN_BOOL_CONVERSION = YES;
				CLANG_WARN_CONSTANT_CONVERSION = YES;
				CLANG_WARN_DIRECT_OBJC_ISA_USAGE = YES_ERROR;
				CLANG_WARN_EMPTY_BODY = YES;
				CLANG_WARN_ENUM_CONVERSION = YES;
				CLANG_WARN_INT_CONVERSION = YES;
				CLANG_WARN_OBJC_ROOT_CLASS = YES_ERROR;
				CLANG_WARN_UNREACHABLE_CODE = YES;
				CLANG_WARN__DUPLICATE_METHOD_MATCH = YES;
				CODE_SIGN_IDENTITY = "iPhone Distribution: Karin Yasuda (4NN44SZ65T)";
				"CODE_SIGN_IDENTITY[sdk=iphoneos*]" = "iPhone Developer";
				COPY_PHASE_STRIP = NO;
				DEBUG_INFORMATION_FORMAT = "dwarf-with-dsym";
				ENABLE_NS_ASSERTIONS = NO;
				ENABLE_STRICT_OBJC_MSGSEND = YES;
				GCC_C_LANGUAGE_STANDARD = gnu99;
				GCC_NO_COMMON_BLOCKS = YES;
				GCC_WARN_64_TO_32_BIT_CONVERSION = YES;
				GCC_WARN_ABOUT_RETURN_TYPE = YES_ERROR;
				GCC_WARN_UNDECLARED_SELECTOR = YES;
				GCC_WARN_UNINITIALIZED_AUTOS = YES_AGGRESSIVE;
				GCC_WARN_UNUSED_FUNCTION = YES;
				GCC_WARN_UNUSED_VARIABLE = YES;
				IPHONEOS_DEPLOYMENT_TARGET = 9.1;
				MTL_ENABLE_DEBUG_INFO = NO;
				PROVISIONING_PROFILE = "201992fa-47ce-4377-b99f-253dadb7581f";
				SDKROOT = iphoneos;
				VALIDATE_PRODUCT = YES;
			};
			name = Release;
		};
		9AA1F5D71BDD1D5A0031FE17 /* Debug */ = {
			isa = XCBuildConfiguration;
			buildSettings = {
				ASSETCATALOG_COMPILER_APPICON_NAME = AppIcon;
				CODE_SIGN_IDENTITY = "iPhone Developer";
				"CODE_SIGN_IDENTITY[sdk=iphoneos*]" = "iPhone Developer";
				ENABLE_BITCODE = NO;
				FRAMEWORK_SEARCH_PATHS = (
					"$(inherited)",
					"$(PROJECT_DIR)",
				);
				INFOPLIST_FILE = hanguk/Info.plist;
				IPHONEOS_DEPLOYMENT_TARGET = 9.1;
				LD_RUNPATH_SEARCH_PATHS = "$(inherited) @executable_path/Frameworks";
				PRODUCT_BUNDLE_IDENTIFIER = com.karin.hanguk00;
				PRODUCT_NAME = "$(TARGET_NAME)";
				PROVISIONING_PROFILE = "71bc0f3e-1212-43fd-8508-9aed8e10516d";
				TARGETED_DEVICE_FAMILY = "1,2";
			};
			name = Debug;
		};
		9AA1F5D81BDD1D5A0031FE17 /* Release */ = {
			isa = XCBuildConfiguration;
			buildSettings = {
				ASSETCATALOG_COMPILER_APPICON_NAME = AppIcon;
				CODE_SIGN_IDENTITY = "iPhone Developer";
				"CODE_SIGN_IDENTITY[sdk=iphoneos*]" = "iPhone Developer";
				ENABLE_BITCODE = NO;
				FRAMEWORK_SEARCH_PATHS = (
					"$(inherited)",
					"$(PROJECT_DIR)",
				);
				INFOPLIST_FILE = hanguk/Info.plist;
				IPHONEOS_DEPLOYMENT_TARGET = 9.1;
				LD_RUNPATH_SEARCH_PATHS = "$(inherited) @executable_path/Frameworks";
				PRODUCT_BUNDLE_IDENTIFIER = com.karin.hanguk00;
				PRODUCT_NAME = "$(TARGET_NAME)";
				PROVISIONING_PROFILE = "71bc0f3e-1212-43fd-8508-9aed8e10516d";
				TARGETED_DEVICE_FAMILY = "1,2";
			};
			name = Release;
		};
		9AA1F5DA1BDD1D5A0031FE17 /* Debug */ = {
			isa = XCBuildConfiguration;
			buildSettings = {
				BUNDLE_LOADER = "$(TEST_HOST)";
				INFOPLIST_FILE = hangukTests/Info.plist;
				LD_RUNPATH_SEARCH_PATHS = "$(inherited) @executable_path/Frameworks @loader_path/Frameworks";
				PRODUCT_BUNDLE_IDENTIFIER = Karin.hangukTests;
				PRODUCT_NAME = "$(TARGET_NAME)";
				TEST_HOST = "$(BUILT_PRODUCTS_DIR)/hanguk.app/hanguk";
			};
			name = Debug;
		};
		9AA1F5DB1BDD1D5A0031FE17 /* Release */ = {
			isa = XCBuildConfiguration;
			buildSettings = {
				BUNDLE_LOADER = "$(TEST_HOST)";
				INFOPLIST_FILE = hangukTests/Info.plist;
				LD_RUNPATH_SEARCH_PATHS = "$(inherited) @executable_path/Frameworks @loader_path/Frameworks";
				PRODUCT_BUNDLE_IDENTIFIER = Karin.hangukTests;
				PRODUCT_NAME = "$(TARGET_NAME)";
				TEST_HOST = "$(BUILT_PRODUCTS_DIR)/hanguk.app/hanguk";
			};
			name = Release;
		};
		9AA1F5DD1BDD1D5A0031FE17 /* Debug */ = {
			isa = XCBuildConfiguration;
			buildSettings = {
				INFOPLIST_FILE = hangukUITests/Info.plist;
				LD_RUNPATH_SEARCH_PATHS = "$(inherited) @executable_path/Frameworks @loader_path/Frameworks";
				PRODUCT_BUNDLE_IDENTIFIER = Karin.hangukUITests;
				PRODUCT_NAME = "$(TARGET_NAME)";
				TEST_TARGET_NAME = hanguk;
				USES_XCTRUNNER = YES;
			};
			name = Debug;
		};
		9AA1F5DE1BDD1D5A0031FE17 /* Release */ = {
			isa = XCBuildConfiguration;
			buildSettings = {
				INFOPLIST_FILE = hangukUITests/Info.plist;
				LD_RUNPATH_SEARCH_PATHS = "$(inherited) @executable_path/Frameworks @loader_path/Frameworks";
				PRODUCT_BUNDLE_IDENTIFIER = Karin.hangukUITests;
				PRODUCT_NAME = "$(TARGET_NAME)";
				TEST_TARGET_NAME = hanguk;
				USES_XCTRUNNER = YES;
			};
			name = Release;
		};
/* End XCBuildConfiguration section */

/* Begin XCConfigurationList section */
		9A71C33F1C04456B00604826 /* Build configuration list for PBXNativeTarget "hanguk.ipad" */ = {
			isa = XCConfigurationList;
			buildConfigurations = (
				9A71C3401C04456B00604826 /* Debug */,
				9A71C3411C04456B00604826 /* Release */,
			);
			defaultConfigurationIsVisible = 0;
			defaultConfigurationName = Release;
		};
		9A71C3421C04456B00604826 /* Build configuration list for PBXNativeTarget "hanguk.ipadTests" */ = {
			isa = XCConfigurationList;
			buildConfigurations = (
				9A71C3431C04456B00604826 /* Debug */,
				9A71C3441C04456B00604826 /* Release */,
			);
			defaultConfigurationIsVisible = 0;
			defaultConfigurationName = Release;
		};
		9A71C3451C04456B00604826 /* Build configuration list for PBXNativeTarget "hanguk.ipadUITests" */ = {
			isa = XCConfigurationList;
			buildConfigurations = (
				9A71C3461C04456B00604826 /* Debug */,
				9A71C3471C04456B00604826 /* Release */,
			);
			defaultConfigurationIsVisible = 0;
			defaultConfigurationName = Release;
		};
		9AA1F5A91BDD1D590031FE17 /* Build configuration list for PBXProject "hanguk" */ = {
			isa = XCConfigurationList;
			buildConfigurations = (
				9AA1F5D41BDD1D5A0031FE17 /* Debug */,
				9AA1F5D51BDD1D5A0031FE17 /* Release */,
			);
			defaultConfigurationIsVisible = 0;
			defaultConfigurationName = Release;
		};
		9AA1F5D61BDD1D5A0031FE17 /* Build configuration list for PBXNativeTarget "hanguk" */ = {
			isa = XCConfigurationList;
			buildConfigurations = (
				9AA1F5D71BDD1D5A0031FE17 /* Debug */,
				9AA1F5D81BDD1D5A0031FE17 /* Release */,
			);
			defaultConfigurationIsVisible = 0;
			defaultConfigurationName = Release;
		};
		9AA1F5D91BDD1D5A0031FE17 /* Build configuration list for PBXNativeTarget "hangukTests" */ = {
			isa = XCConfigurationList;
			buildConfigurations = (
				9AA1F5DA1BDD1D5A0031FE17 /* Debug */,
				9AA1F5DB1BDD1D5A0031FE17 /* Release */,
			);
			defaultConfigurationIsVisible = 0;
			defaultConfigurationName = Release;
		};
		9AA1F5DC1BDD1D5A0031FE17 /* Build configuration list for PBXNativeTarget "hangukUITests" */ = {
			isa = XCConfigurationList;
			buildConfigurations = (
				9AA1F5DD1BDD1D5A0031FE17 /* Debug */,
				9AA1F5DE1BDD1D5A0031FE17 /* Release */,
			);
			defaultConfigurationIsVisible = 0;
			defaultConfigurationName = Release;
		};
/* End XCConfigurationList section */
	};
	rootObject = 9AA1F5A61BDD1D590031FE17 /* Project object */;
}
